
Microsoft Visual Studio Solution File, Format Version 12.00
# Visual Studio Version 17
VisualStudioVersion = 17.0.31903.59
MinimumVisualStudioVersion = 10.0.40219.1
Project("{FAE04EC0-301F-11D3-BF4B-00C04F79EFBC}") = "DungeonGame", "DungeonGame\DungeonGame.csproj", "{59FBAD61-B551-4396-A79C-9F4C49259800}"
EndProject
Project("{FAE04EC0-301F-11D3-BF4B-00C04F79EFBC}") = "DungeonGame.Test", "dungeonGame.Test\DungeonGame.Test.csproj", "{9B04A92D-1BB1-424F-B7B7-180853953CCC}"
EndProject
Global
	GlobalSection(SolutionConfigurationPlatforms) = preSolution
		Debug|Any CPU = Debug|Any CPU
		Debug|x64 = Debug|x64
		Debug|x86 = Debug|x86
		Release|Any CPU = Release|Any CPU
		Release|x64 = Release|x64
		Release|x86 = Release|x86
	EndGlobalSection
	GlobalSection(ProjectConfigurationPlatforms) = postSolution
		{59FBAD61-B551-4396-A79C-9F4C49259800}.Debug|Any CPU.ActiveCfg = Debug|Any CPU
		{59FBAD61-B551-4396-A79C-9F4C49259800}.Debug|Any CPU.Build.0 = Debug|Any CPU
		{59FBAD61-B551-4396-A79C-9F4C49259800}.Debug|x64.ActiveCfg = Debug|Any CPU
		{59FBAD61-B551-4396-A79C-9F4C49259800}.Debug|x64.Build.0 = Debug|Any CPU
		{59FBAD61-B551-4396-A79C-9F4C49259800}.Debug|x86.ActiveCfg = Debug|Any CPU
		{59FBAD61-B551-4396-A79C-9F4C49259800}.Debug|x86.Build.0 = Debug|Any CPU
		{59FBAD61-B551-4396-A79C-9F4C49259800}.Release|Any CPU.ActiveCfg = Release|Any CPU
		{59FBAD61-B551-4396-A79C-9F4C49259800}.Release|Any CPU.Build.0 = Release|Any CPU
		{59FBAD61-B551-4396-A79C-9F4C49259800}.Release|x64.ActiveCfg = Release|Any CPU
		{59FBAD61-B551-4396-A79C-9F4C49259800}.Release|x64.Build.0 = Release|Any CPU
		{59FBAD61-B551-4396-A79C-9F4C49259800}.Release|x86.ActiveCfg = Release|Any CPU
		{59FBAD61-B551-4396-A79C-9F4C49259800}.Release|x86.Build.0 = Release|Any CPU
		{9B04A92D-1BB1-424F-B7B7-180853953CCC}.Debug|Any CPU.ActiveCfg = Debug|Any CPU
		{9B04A92D-1BB1-424F-B7B7-180853953CCC}.Debug|Any CPU.Build.0 = Debug|Any CPU
		{9B04A92D-1BB1-424F-B7B7-180853953CCC}.Debug|x64.ActiveCfg = Debug|Any CPU
		{9B04A92D-1BB1-424F-B7B7-180853953CCC}.Debug|x64.Build.0 = Debug|Any CPU
		{9B04A92D-1BB1-424F-B7B7-180853953CCC}.Debug|x86.ActiveCfg = Debug|Any CPU
		{9B04A92D-1BB1-424F-B7B7-180853953CCC}.Debug|x86.Build.0 = Debug|Any CPU
		{9B04A92D-1BB1-424F-B7B7-180853953CCC}.Release|Any CPU.ActiveCfg = Release|Any CPU
		{9B04A92D-1BB1-424F-B7B7-180853953CCC}.Release|Any CPU.Build.0 = Release|Any CPU
		{9B04A92D-1BB1-424F-B7B7-180853953CCC}.Release|x64.ActiveCfg = Release|Any CPU
		{9B04A92D-1BB1-424F-B7B7-180853953CCC}.Release|x64.Build.0 = Release|Any CPU
		{9B04A92D-1BB1-424F-B7B7-180853953CCC}.Release|x86.ActiveCfg = Release|Any CPU
		{9B04A92D-1BB1-424F-B7B7-180853953CCC}.Release|x86.Build.0 = Release|Any CPU
	EndGlobalSection
	GlobalSection(SolutionProperties) = preSolution
		HideSolutionNode = FALSE
	EndGlobalSection
	GlobalSection(ExtensibilityGlobals) = postSolution
		SolutionGuid = {5E25AC1E-9E2B-4F04-A5EF-DCF2EBD49683}
	EndGlobalSection
EndGlobal
